
Microsoft Visual Studio Solution File, Format Version 12.00
# Visual Studio 15
VisualStudioVersion = 15.0.27004.2010
MinimumVisualStudioVersion = 10.0.40219.1
Project("{FAE04EC0-301F-11D3-BF4B-00C04F79EFBC}") = "ParcialCalculadora", "EjemploTdd\ParcialCalculadora.csproj", "{01AA00C2-22EF-420F-A90D-C2A28D3E5C1F}"
EndProject
Project("{FAE04EC0-301F-11D3-BF4B-00C04F79EFBC}") = "CalculadoraSimple", "Calculadora\CalculadoraSimple.csproj", "{2F0F8EBA-E3DA-45D9-87F4-C6B18F983B1D}"
EndProject
Project("{FAE04EC0-301F-11D3-BF4B-00C04F79EFBC}") = "ParcialSimpleTest", "EjercicioTddTest\ParcialSimpleTest.csproj", "{613913BE-A86D-4295-A985-BC02200AB1CA}"
EndProject
Global
	GlobalSection(SolutionConfigurationPlatforms) = preSolution
		Debug|Any CPU = Debug|Any CPU
		Release|Any CPU = Release|Any CPU
	EndGlobalSection
	GlobalSection(ProjectConfigurationPlatforms) = postSolution
		{01AA00C2-22EF-420F-A90D-C2A28D3E5C1F}.Debug|Any CPU.ActiveCfg = Debug|Any CPU
		{01AA00C2-22EF-420F-A90D-C2A28D3E5C1F}.Debug|Any CPU.Build.0 = Debug|Any CPU
		{01AA00C2-22EF-420F-A90D-C2A28D3E5C1F}.Release|Any CPU.ActiveCfg = Release|Any CPU
		{01AA00C2-22EF-420F-A90D-C2A28D3E5C1F}.Release|Any CPU.Build.0 = Release|Any CPU
		{2F0F8EBA-E3DA-45D9-87F4-C6B18F983B1D}.Debug|Any CPU.ActiveCfg = Debug|Any CPU
		{2F0F8EBA-E3DA-45D9-87F4-C6B18F983B1D}.Debug|Any CPU.Build.0 = Debug|Any CPU
		{2F0F8EBA-E3DA-45D9-87F4-C6B18F983B1D}.Release|Any CPU.ActiveCfg = Release|Any CPU
		{2F0F8EBA-E3DA-45D9-87F4-C6B18F983B1D}.Release|Any CPU.Build.0 = Release|Any CPU
		{613913BE-A86D-4295-A985-BC02200AB1CA}.Debug|Any CPU.ActiveCfg = Debug|Any CPU
		{613913BE-A86D-4295-A985-BC02200AB1CA}.Debug|Any CPU.Build.0 = Debug|Any CPU
		{613913BE-A86D-4295-A985-BC02200AB1CA}.Release|Any CPU.ActiveCfg = Release|Any CPU
		{613913BE-A86D-4295-A985-BC02200AB1CA}.Release|Any CPU.Build.0 = Release|Any CPU
	EndGlobalSection
	GlobalSection(SolutionProperties) = preSolution
		HideSolutionNode = FALSE
	EndGlobalSection
	GlobalSection(ExtensibilityGlobals) = postSolution
		SolutionGuid = {CAC59F73-BCDA-4825-B2CD-ED58EA60FFAD}
	EndGlobalSection
EndGlobal
